
Microsoft Visual Studio Solution File, Format Version 12.00
# Visual Studio Version 17
VisualStudioVersion = 17.5.002.0
MinimumVisualStudioVersion = 10.0.40219.1
Project("{9A19103F-16F7-4668-BE54-9A1E7A4F7556}") = "MyApi", "MyApi.csproj", "{DA64112F-5099-4C3A-9C0A-335EA1F0F7E5}"
EndProject
Global
	GlobalSection(SolutionConfigurationPlatforms) = preSolution
		Debug|Any CPU = Debug|Any CPU
		Release|Any CPU = Release|Any CPU
	EndGlobalSection
	GlobalSection(ProjectConfigurationPlatforms) = postSolution
		{DA64112F-5099-4C3A-9C0A-335EA1F0F7E5}.Debug|Any CPU.ActiveCfg = Debug|Any CPU
		{DA64112F-5099-4C3A-9C0A-335EA1F0F7E5}.Debug|Any CPU.Build.0 = Debug|Any CPU
		{DA64112F-5099-4C3A-9C0A-335EA1F0F7E5}.Release|Any CPU.ActiveCfg = Release|Any CPU
		{DA64112F-5099-4C3A-9C0A-335EA1F0F7E5}.Release|Any CPU.Build.0 = Release|Any CPU
	EndGlobalSection
	GlobalSection(SolutionProperties) = preSolution
		HideSolutionNode = FALSE
	EndGlobalSection
	GlobalSection(ExtensibilityGlobals) = postSolution
		SolutionGuid = {E3F0BC7E-82DC-4540-9093-AE682776B7B6}
	EndGlobalSection
EndGlobal
